
Microsoft Visual Studio Solution File, Format Version 12.00
# Visual Studio 15
VisualStudioVersion = 15.0.27428.2027
MinimumVisualStudioVersion = 10.0.40219.1
Project("{FAE04EC0-301F-11D3-BF4B-00C04F79EFBC}") = "Momentos", "Momentos\Momentos.csproj", "{CD6FAB0A-31EB-4F9B-8502-2BCE99ECF415}"
EndProject
Project("{FAE04EC0-301F-11D3-BF4B-00C04F79EFBC}") = "MomentosSample", "MomentosSample\MomentosSample.csproj", "{EFC790F3-6184-48A5-BAFC-5425A48935A7}"
EndProject
Global
	GlobalSection(SolutionConfigurationPlatforms) = preSolution
		Debug|Any CPU = Debug|Any CPU
		Release|Any CPU = Release|Any CPU
	EndGlobalSection
	GlobalSection(ProjectConfigurationPlatforms) = postSolution
		{CD6FAB0A-31EB-4F9B-8502-2BCE99ECF415}.Debug|Any CPU.ActiveCfg = Debug|Any CPU
		{CD6FAB0A-31EB-4F9B-8502-2BCE99ECF415}.Debug|Any CPU.Build.0 = Debug|Any CPU
		{CD6FAB0A-31EB-4F9B-8502-2BCE99ECF415}.Release|Any CPU.ActiveCfg = Release|Any CPU
		{CD6FAB0A-31EB-4F9B-8502-2BCE99ECF415}.Release|Any CPU.Build.0 = Release|Any CPU
		{EFC790F3-6184-48A5-BAFC-5425A48935A7}.Debug|Any CPU.ActiveCfg = Debug|Any CPU
		{EFC790F3-6184-48A5-BAFC-5425A48935A7}.Debug|Any CPU.Build.0 = Debug|Any CPU
		{EFC790F3-6184-48A5-BAFC-5425A48935A7}.Release|Any CPU.ActiveCfg = Release|Any CPU
		{EFC790F3-6184-48A5-BAFC-5425A48935A7}.Release|Any CPU.Build.0 = Release|Any CPU
	EndGlobalSection
	GlobalSection(SolutionProperties) = preSolution
		HideSolutionNode = FALSE
	EndGlobalSection
	GlobalSection(ExtensibilityGlobals) = postSolution
		SolutionGuid = {6D0AB9ED-6CBF-469C-A9EF-B82EC0C8F6BB}
	EndGlobalSection
EndGlobal
